
Microsoft Visual Studio Solution File, Format Version 12.00
# Visual Studio Version 17
VisualStudioVersion = 17.2.32602.215
MinimumVisualStudioVersion = 10.0.40219.1
Project("{FAE04EC0-301F-11D3-BF4B-00C04F79EFBC}") = "Pharma", "Pharma\Pharma.csproj", "{845575B6-6A91-44EF-B915-A46BA093D76B}"
EndProject
Global
	GlobalSection(SolutionConfigurationPlatforms) = preSolution
		Debug|Any CPU = Debug|Any CPU
		Release|Any CPU = Release|Any CPU
	EndGlobalSection
	GlobalSection(ProjectConfigurationPlatforms) = postSolution
		{845575B6-6A91-44EF-B915-A46BA093D76B}.Debug|Any CPU.ActiveCfg = Debug|Any CPU
		{845575B6-6A91-44EF-B915-A46BA093D76B}.Debug|Any CPU.Build.0 = Debug|Any CPU
		{845575B6-6A91-44EF-B915-A46BA093D76B}.Release|Any CPU.ActiveCfg = Release|Any CPU
		{845575B6-6A91-44EF-B915-A46BA093D76B}.Release|Any CPU.Build.0 = Release|Any CPU
	EndGlobalSection
	GlobalSection(SolutionProperties) = preSolution
		HideSolutionNode = FALSE
	EndGlobalSection
	GlobalSection(ExtensibilityGlobals) = postSolution
		SolutionGuid = {58DE744F-5577-436C-A502-F3594BFC926A}
	EndGlobalSection
EndGlobal
